
Microsoft Visual Studio Solution File, Format Version 12.00
# Visual Studio 2012
Project("{FAE04EC0-301F-11D3-BF4B-00C04F79EFBC}") = "GedViewWPF", "GedViewWPF\GedViewWPF.csproj", "{B260F936-8827-4970-8EB4-14C76E98C592}"
EndProject
Project("{FAE04EC0-301F-11D3-BF4B-00C04F79EFBC}") = "NameDateParsing", "NameDateParsing\NameDateParsing.csproj", "{76B8DB77-5202-4A7B-986C-4187723D02DE}"
EndProject
Project("{FAE04EC0-301F-11D3-BF4B-00C04F79EFBC}") = "GedcomReader", "GedcomReader\GedcomReader\GedcomReader.csproj", "{89976C1A-7C34-45F1-AB86-E9CB75AF0DCD}"
EndProject
Project("{FAE04EC0-301F-11D3-BF4B-00C04F79EFBC}") = "GedcomReaderTests", "GedcomReader\GedcomReaderTests\GedcomReaderTests.csproj", "{485FAD6A-A300-444C-88FF-4B5CDA4277E9}"
EndProject
Global
	GlobalSection(SolutionConfigurationPlatforms) = preSolution
		Debug|Any CPU = Debug|Any CPU
		Debug|Mixed Platforms = Debug|Mixed Platforms
		Debug|x86 = Debug|x86
		Release|Any CPU = Release|Any CPU
		Release|Mixed Platforms = Release|Mixed Platforms
		Release|x86 = Release|x86
	EndGlobalSection
	GlobalSection(ProjectConfigurationPlatforms) = postSolution
		{B260F936-8827-4970-8EB4-14C76E98C592}.Debug|Any CPU.ActiveCfg = Debug|x86
		{B260F936-8827-4970-8EB4-14C76E98C592}.Debug|Any CPU.Build.0 = Debug|x86
		{B260F936-8827-4970-8EB4-14C76E98C592}.Debug|Mixed Platforms.ActiveCfg = Debug|x86
		{B260F936-8827-4970-8EB4-14C76E98C592}.Debug|Mixed Platforms.Build.0 = Debug|x86
		{B260F936-8827-4970-8EB4-14C76E98C592}.Debug|x86.ActiveCfg = Debug|x86
		{B260F936-8827-4970-8EB4-14C76E98C592}.Debug|x86.Build.0 = Debug|x86
		{B260F936-8827-4970-8EB4-14C76E98C592}.Release|Any CPU.ActiveCfg = Release|x86
		{B260F936-8827-4970-8EB4-14C76E98C592}.Release|Mixed Platforms.ActiveCfg = Release|x86
		{B260F936-8827-4970-8EB4-14C76E98C592}.Release|Mixed Platforms.Build.0 = Release|x86
		{B260F936-8827-4970-8EB4-14C76E98C592}.Release|x86.ActiveCfg = Release|x86
		{B260F936-8827-4970-8EB4-14C76E98C592}.Release|x86.Build.0 = Release|x86
		{76B8DB77-5202-4A7B-986C-4187723D02DE}.Debug|Any CPU.ActiveCfg = Debug|x86
		{76B8DB77-5202-4A7B-986C-4187723D02DE}.Debug|Mixed Platforms.ActiveCfg = Debug|x86
		{76B8DB77-5202-4A7B-986C-4187723D02DE}.Debug|Mixed Platforms.Build.0 = Debug|x86
		{76B8DB77-5202-4A7B-986C-4187723D02DE}.Debug|x86.ActiveCfg = Debug|x86
		{76B8DB77-5202-4A7B-986C-4187723D02DE}.Debug|x86.Build.0 = Debug|x86
		{76B8DB77-5202-4A7B-986C-4187723D02DE}.Release|Any CPU.ActiveCfg = Release|x86
		{76B8DB77-5202-4A7B-986C-4187723D02DE}.Release|Mixed Platforms.ActiveCfg = Release|x86
		{76B8DB77-5202-4A7B-986C-4187723D02DE}.Release|Mixed Platforms.Build.0 = Release|x86
		{76B8DB77-5202-4A7B-986C-4187723D02DE}.Release|x86.ActiveCfg = Release|x86
		{76B8DB77-5202-4A7B-986C-4187723D02DE}.Release|x86.Build.0 = Release|x86
		{89976C1A-7C34-45F1-AB86-E9CB75AF0DCD}.Debug|Any CPU.ActiveCfg = Debug|Any CPU
		{89976C1A-7C34-45F1-AB86-E9CB75AF0DCD}.Debug|Any CPU.Build.0 = Debug|Any CPU
		{89976C1A-7C34-45F1-AB86-E9CB75AF0DCD}.Debug|Mixed Platforms.ActiveCfg = Debug|Any CPU
		{89976C1A-7C34-45F1-AB86-E9CB75AF0DCD}.Debug|Mixed Platforms.Build.0 = Debug|Any CPU
		{89976C1A-7C34-45F1-AB86-E9CB75AF0DCD}.Debug|x86.ActiveCfg = Debug|Any CPU
		{89976C1A-7C34-45F1-AB86-E9CB75AF0DCD}.Release|Any CPU.ActiveCfg = Release|Any CPU
		{89976C1A-7C34-45F1-AB86-E9CB75AF0DCD}.Release|Any CPU.Build.0 = Release|Any CPU
		{89976C1A-7C34-45F1-AB86-E9CB75AF0DCD}.Release|Mixed Platforms.ActiveCfg = Release|Any CPU
		{89976C1A-7C34-45F1-AB86-E9CB75AF0DCD}.Release|Mixed Platforms.Build.0 = Release|Any CPU
		{89976C1A-7C34-45F1-AB86-E9CB75AF0DCD}.Release|x86.ActiveCfg = Release|Any CPU
		{485FAD6A-A300-444C-88FF-4B5CDA4277E9}.Debug|Any CPU.ActiveCfg = Debug|Any CPU
		{485FAD6A-A300-444C-88FF-4B5CDA4277E9}.Debug|Any CPU.Build.0 = Debug|Any CPU
		{485FAD6A-A300-444C-88FF-4B5CDA4277E9}.Debug|Mixed Platforms.ActiveCfg = Debug|Any CPU
		{485FAD6A-A300-444C-88FF-4B5CDA4277E9}.Debug|Mixed Platforms.Build.0 = Debug|Any CPU
		{485FAD6A-A300-444C-88FF-4B5CDA4277E9}.Debug|x86.ActiveCfg = Debug|Any CPU
		{485FAD6A-A300-444C-88FF-4B5CDA4277E9}.Release|Any CPU.ActiveCfg = Release|Any CPU
		{485FAD6A-A300-444C-88FF-4B5CDA4277E9}.Release|Any CPU.Build.0 = Release|Any CPU
		{485FAD6A-A300-444C-88FF-4B5CDA4277E9}.Release|Mixed Platforms.ActiveCfg = Release|Any CPU
		{485FAD6A-A300-444C-88FF-4B5CDA4277E9}.Release|Mixed Platforms.Build.0 = Release|Any CPU
		{485FAD6A-A300-444C-88FF-4B5CDA4277E9}.Release|x86.ActiveCfg = Release|Any CPU
	EndGlobalSection
	GlobalSection(SolutionProperties) = preSolution
		HideSolutionNode = FALSE
	EndGlobalSection
EndGlobal
